
Microsoft Visual Studio Solution File, Format Version 11.00
# Visual Studio 2010
Project("{8BC9CEB8-8B4A-11D0-8D11-00A0C91BC942}") = "demoDuaXe", "demoDuaXe\demoDuaXe.vcxproj", "{543F612A-8A3F-4F2F-89C6-61A2CA690348}"
EndProject
Global
	GlobalSection(SolutionConfigurationPlatforms) = preSolution
		Debug|Win32 = Debug|Win32
		Release|Win32 = Release|Win32
	EndGlobalSection
	GlobalSection(ProjectConfigurationPlatforms) = postSolution
		{543F612A-8A3F-4F2F-89C6-61A2CA690348}.Debug|Win32.ActiveCfg = Debug|Win32
		{543F612A-8A3F-4F2F-89C6-61A2CA690348}.Debug|Win32.Build.0 = Debug|Win32
		{543F612A-8A3F-4F2F-89C6-61A2CA690348}.Release|Win32.ActiveCfg = Release|Win32
		{543F612A-8A3F-4F2F-89C6-61A2CA690348}.Release|Win32.Build.0 = Release|Win32
	EndGlobalSection
	GlobalSection(SolutionProperties) = preSolution
		HideSolutionNode = FALSE
	EndGlobalSection
EndGlobal
